
Microsoft Visual Studio Solution File, Format Version 12.00
# TcXaeShell Solution File, Format Version 11.00
VisualStudioVersion = 15.0.35116.124
MinimumVisualStudioVersion = 10.0.40219.1
Project("{B1E792BE-AA5F-4E3C-8C82-674BF9C0715B}") = "B_IO", "B_IO\B_IO.tsproj", "{454FE608-10D7-4D94-892C-7243CEED6DC4}"
EndProject
Global
	GlobalSection(SolutionConfigurationPlatforms) = preSolution
		Debug|TwinCAT CE7 (ARMV7) = Debug|TwinCAT CE7 (ARMV7)
		Debug|TwinCAT OS (ARMT2) = Debug|TwinCAT OS (ARMT2)
		Debug|TwinCAT RT (x64) = Debug|TwinCAT RT (x64)
		Debug|TwinCAT RT (x86) = Debug|TwinCAT RT (x86)
		Release|TwinCAT CE7 (ARMV7) = Release|TwinCAT CE7 (ARMV7)
		Release|TwinCAT OS (ARMT2) = Release|TwinCAT OS (ARMT2)
		Release|TwinCAT RT (x64) = Release|TwinCAT RT (x64)
		Release|TwinCAT RT (x86) = Release|TwinCAT RT (x86)
	EndGlobalSection
	GlobalSection(ProjectConfigurationPlatforms) = postSolution
		{454FE608-10D7-4D94-892C-7243CEED6DC4}.Debug|TwinCAT CE7 (ARMV7).ActiveCfg = Debug|TwinCAT CE7 (ARMV7)
		{454FE608-10D7-4D94-892C-7243CEED6DC4}.Debug|TwinCAT CE7 (ARMV7).Build.0 = Debug|TwinCAT CE7 (ARMV7)
		{454FE608-10D7-4D94-892C-7243CEED6DC4}.Debug|TwinCAT OS (ARMT2).ActiveCfg = Debug|TwinCAT OS (ARMT2)
		{454FE608-10D7-4D94-892C-7243CEED6DC4}.Debug|TwinCAT OS (ARMT2).Build.0 = Debug|TwinCAT OS (ARMT2)
		{454FE608-10D7-4D94-892C-7243CEED6DC4}.Debug|TwinCAT RT (x64).ActiveCfg = Debug|TwinCAT RT (x64)
		{454FE608-10D7-4D94-892C-7243CEED6DC4}.Debug|TwinCAT RT (x64).Build.0 = Debug|TwinCAT RT (x64)
		{454FE608-10D7-4D94-892C-7243CEED6DC4}.Debug|TwinCAT RT (x86).ActiveCfg = Debug|TwinCAT RT (x86)
		{454FE608-10D7-4D94-892C-7243CEED6DC4}.Debug|TwinCAT RT (x86).Build.0 = Debug|TwinCAT RT (x86)
		{454FE608-10D7-4D94-892C-7243CEED6DC4}.Release|TwinCAT CE7 (ARMV7).ActiveCfg = Release|TwinCAT CE7 (ARMV7)
		{454FE608-10D7-4D94-892C-7243CEED6DC4}.Release|TwinCAT CE7 (ARMV7).Build.0 = Release|TwinCAT CE7 (ARMV7)
		{454FE608-10D7-4D94-892C-7243CEED6DC4}.Release|TwinCAT OS (ARMT2).ActiveCfg = Release|TwinCAT OS (ARMT2)
		{454FE608-10D7-4D94-892C-7243CEED6DC4}.Release|TwinCAT OS (ARMT2).Build.0 = Release|TwinCAT OS (ARMT2)
		{454FE608-10D7-4D94-892C-7243CEED6DC4}.Release|TwinCAT RT (x64).ActiveCfg = Release|TwinCAT RT (x64)
		{454FE608-10D7-4D94-892C-7243CEED6DC4}.Release|TwinCAT RT (x64).Build.0 = Release|TwinCAT RT (x64)
		{454FE608-10D7-4D94-892C-7243CEED6DC4}.Release|TwinCAT RT (x86).ActiveCfg = Release|TwinCAT RT (x86)
		{454FE608-10D7-4D94-892C-7243CEED6DC4}.Release|TwinCAT RT (x86).Build.0 = Release|TwinCAT RT (x86)
		{0974D43B-0429-48E5-B91E-D2BBA45BC713}.Debug|TwinCAT CE7 (ARMV7).ActiveCfg = Debug|TwinCAT CE7 (ARMV7)
		{0974D43B-0429-48E5-B91E-D2BBA45BC713}.Debug|TwinCAT CE7 (ARMV7).Build.0 = Debug|TwinCAT CE7 (ARMV7)
		{0974D43B-0429-48E5-B91E-D2BBA45BC713}.Debug|TwinCAT OS (ARMT2).ActiveCfg = Debug|TwinCAT OS (ARMT2)
		{0974D43B-0429-48E5-B91E-D2BBA45BC713}.Debug|TwinCAT OS (ARMT2).Build.0 = Debug|TwinCAT OS (ARMT2)
		{0974D43B-0429-48E5-B91E-D2BBA45BC713}.Debug|TwinCAT RT (x64).ActiveCfg = Debug|TwinCAT RT (x64)
		{0974D43B-0429-48E5-B91E-D2BBA45BC713}.Debug|TwinCAT RT (x64).Build.0 = Debug|TwinCAT RT (x64)
		{0974D43B-0429-48E5-B91E-D2BBA45BC713}.Debug|TwinCAT RT (x86).ActiveCfg = Debug|TwinCAT RT (x86)
		{0974D43B-0429-48E5-B91E-D2BBA45BC713}.Debug|TwinCAT RT (x86).Build.0 = Debug|TwinCAT RT (x86)
		{0974D43B-0429-48E5-B91E-D2BBA45BC713}.Release|TwinCAT CE7 (ARMV7).ActiveCfg = Release|TwinCAT CE7 (ARMV7)
		{0974D43B-0429-48E5-B91E-D2BBA45BC713}.Release|TwinCAT CE7 (ARMV7).Build.0 = Release|TwinCAT CE7 (ARMV7)
		{0974D43B-0429-48E5-B91E-D2BBA45BC713}.Release|TwinCAT OS (ARMT2).ActiveCfg = Release|TwinCAT OS (ARMT2)
		{0974D43B-0429-48E5-B91E-D2BBA45BC713}.Release|TwinCAT OS (ARMT2).Build.0 = Release|TwinCAT OS (ARMT2)
		{0974D43B-0429-48E5-B91E-D2BBA45BC713}.Release|TwinCAT RT (x64).ActiveCfg = Release|TwinCAT RT (x64)
		{0974D43B-0429-48E5-B91E-D2BBA45BC713}.Release|TwinCAT RT (x64).Build.0 = Release|TwinCAT RT (x64)
		{0974D43B-0429-48E5-B91E-D2BBA45BC713}.Release|TwinCAT RT (x86).ActiveCfg = Release|TwinCAT RT (x86)
		{0974D43B-0429-48E5-B91E-D2BBA45BC713}.Release|TwinCAT RT (x86).Build.0 = Release|TwinCAT RT (x86)
	EndGlobalSection
	GlobalSection(SolutionProperties) = preSolution
		HideSolutionNode = FALSE
	EndGlobalSection
	GlobalSection(ExtensibilityGlobals) = postSolution
		SolutionGuid = {8CD47E68-494E-4067-B9C9-8388F484D005}
	EndGlobalSection
EndGlobal
